github.com/redpanda-data/redpanda/src/transform-sdk/go/transform v0.0.0-20240110133413-161b7e38e3db h1:WVStdLiVUZW9IJ4rkXWpHDA6/LOJ6GF1Fu+tgpN7d4Y=
github.com/redpanda-data/redpanda/src/transform-sdk/go/transform v0.0.0-20240110133413-161b7e38e3db/go.mod h1:QGgiwwf/BIsD1b7EiyQ/Apzw+RLSpasRDdpOCiefQFQ=
