# This file is automatically @generated by Cargo.
# It is not intended for manual editing.
version = 3

[[package]]
name = "noop-rs"
version = "0.1.0"
dependencies = [
 "redpanda-transform-sdk",
]

[[package]]
name = "redpanda-transform-sdk"
version = "0.1.0"
source = "registry+https://github.com/rust-lang/crates.io-index"
checksum = "556a8adc0b0d225b21e02152a61fd555d16c1420d76c6c624d277cc970f05b00"
dependencies = [
 "redpanda-transform-sdk-sys",
 "redpanda-transform-sdk-types",
]

[[package]]
name = "redpanda-transform-sdk-sys"
version = "0.1.0"
source = "registry+https://github.com/rust-lang/crates.io-index"
checksum = "7b93b490d8a9291c6e59d16f107aeaf36540e71784cc8c03af198ae8ab8402eb"
dependencies = [
 "redpanda-transform-sdk-types",
]

[[package]]
name = "redpanda-transform-sdk-types"
version = "0.1.0"
source = "registry+https://github.com/rust-lang/crates.io-index"
checksum = "2d5977b3d34211265c1f29f57e09282a4012f64066d14178c70d049c10bde5bc"
